// !$*UTF8*$!
{
	archiveVersion = 1;
	classes = {
	};
	objectVersion = 56;
	objects = {

/* Begin PBXBuildFile section */
		7E4BCFE129AF9B0E001E5068 /* SuiApp.swift in Sources */ = {isa = PBXBuildFile; fileRef = 7E4BCFE029AF9B0E001E5068 /* SuiApp.swift */; };
		7E4BCFE529AF9B11001E5068 /* Assets.xcassets in Resources */ = {isa = PBXBuildFile; fileRef = 7E4BCFE429AF9B11001E5068 /* Assets.xcassets */; };
		7E4BCFE829AF9B11001E5068 /* Preview Assets.xcassets in Resources */ = {isa = PBXBuildFile; fileRef = 7E4BCFE729AF9B11001E5068 /* Preview Assets.xcassets */; };
		7E4BCFF029AF9B6D001E5068 /* ComposableArchitecture in Frameworks */ = {isa = PBXBuildFile; productRef = 7E4BCFEF29AF9B6D001E5068 /* ComposableArchitecture */; };
		7E4BCFF329AF9B9B001E5068 /* TCACoordinators in Frameworks */ = {isa = PBXBuildFile; productRef = 7E4BCFF229AF9B9B001E5068 /* TCACoordinators */; };
		7E4BCFF729AF9BD5001E5068 /* AuthorizationStore.swift in Sources */ = {isa = PBXBuildFile; fileRef = 7E4BCFF629AF9BD5001E5068 /* AuthorizationStore.swift */; };
		7E4BCFF929AF9BED001E5068 /* AuthorizationScreen.swift in Sources */ = {isa = PBXBuildFile; fileRef = 7E4BCFF829AF9BED001E5068 /* AuthorizationScreen.swift */; };
		7E4BD00129AFBB68001E5068 /* CustomTextField.swift in Sources */ = {isa = PBXBuildFile; fileRef = 7E4BD00029AFBB68001E5068 /* CustomTextField.swift */; };
		7E4BD00429AFBF1E001E5068 /* ViewModifier+DefaultPadding.swift in Sources */ = {isa = PBXBuildFile; fileRef = 7E4BD00329AFBF1E001E5068 /* ViewModifier+DefaultPadding.swift */; };
		7E4BD00A29AFC39C001E5068 /* MainTabScreen.swift in Sources */ = {isa = PBXBuildFile; fileRef = 7E4BD00929AFC39C001E5068 /* MainTabScreen.swift */; };
		7E4BD00C29AFC3A7001E5068 /* MainTabStore.swift in Sources */ = {isa = PBXBuildFile; fileRef = 7E4BD00B29AFC3A7001E5068 /* MainTabStore.swift */; };
		7E4BD01029AFC487001E5068 /* ProfileScreen.swift in Sources */ = {isa = PBXBuildFile; fileRef = 7E4BD00F29AFC487001E5068 /* ProfileScreen.swift */; };
		7E4BD01229AFC48D001E5068 /* ProfileStore.swift in Sources */ = {isa = PBXBuildFile; fileRef = 7E4BD01129AFC48D001E5068 /* ProfileStore.swift */; };
		7E4BD01429AFC538001E5068 /* TodoListScreen.swift in Sources */ = {isa = PBXBuildFile; fileRef = 7E4BD01329AFC538001E5068 /* TodoListScreen.swift */; };
		7E4BD01629AFC540001E5068 /* TodoListStore.swift in Sources */ = {isa = PBXBuildFile; fileRef = 7E4BD01529AFC540001E5068 /* TodoListStore.swift */; };
		7E4BD01A29AFE7FA001E5068 /* AppStore.swift in Sources */ = {isa = PBXBuildFile; fileRef = 7E4BD01929AFE7FA001E5068 /* AppStore.swift */; };
		7E4BD01C29AFE802001E5068 /* AppScreen.swift in Sources */ = {isa = PBXBuildFile; fileRef = 7E4BD01B29AFE802001E5068 /* AppScreen.swift */; };
		7E4BD01E29AFE9D0001E5068 /* MainTabCoordinator.swift in Sources */ = {isa = PBXBuildFile; fileRef = 7E4BD01D29AFE9D0001E5068 /* MainTabCoordinator.swift */; };
		7E4BD02229AFF4D3001E5068 /* AppCoordinator.swift in Sources */ = {isa = PBXBuildFile; fileRef = 7E4BD02129AFF4D3001E5068 /* AppCoordinator.swift */; };
		7E4BD02629AFFC33001E5068 /* TodoSharedCoordinator.swift in Sources */ = {isa = PBXBuildFile; fileRef = 7E4BD02529AFFC33001E5068 /* TodoSharedCoordinator.swift */; };
		7E4BD02829AFFCDF001E5068 /* TodoSharedStore.swift in Sources */ = {isa = PBXBuildFile; fileRef = 7E4BD02729AFFCDF001E5068 /* TodoSharedStore.swift */; };
		7E4BD02A29AFFD05001E5068 /* TodoDetailScreen.swift in Sources */ = {isa = PBXBuildFile; fileRef = 7E4BD02929AFFD05001E5068 /* TodoDetailScreen.swift */; };
		7E4BD02C29AFFD10001E5068 /* TodoDetailStore.swift in Sources */ = {isa = PBXBuildFile; fileRef = 7E4BD02B29AFFD10001E5068 /* TodoDetailStore.swift */; };
		7E4BD02E29AFFE47001E5068 /* TodoSharedScreen.swift in Sources */ = {isa = PBXBuildFile; fileRef = 7E4BD02D29AFFE47001E5068 /* TodoSharedScreen.swift */; };
/* End PBXBuildFile section */

/* Begin PBXFileReference section */
		7E4BCFDD29AF9B0E001E5068 /* sui.app */ = {isa = PBXFileReference; explicitFileType = wrapper.application; includeInIndex = 0; path = sui.app; sourceTree = BUILT_PRODUCTS_DIR; };
		7E4BCFE029AF9B0E001E5068 /* SuiApp.swift */ = {isa = PBXFileReference; lastKnownFileType = sourcecode.swift; path = SuiApp.swift; sourceTree = "<group>"; };
		7E4BCFE429AF9B11001E5068 /* Assets.xcassets */ = {isa = PBXFileReference; lastKnownFileType = folder.assetcatalog; path = Assets.xcassets; sourceTree = "<group>"; };
		7E4BCFE729AF9B11001E5068 /* Preview Assets.xcassets */ = {isa = PBXFileReference; lastKnownFileType = folder.assetcatalog; path = "Preview Assets.xcassets"; sourceTree = "<group>"; };
		7E4BCFF629AF9BD5001E5068 /* AuthorizationStore.swift */ = {isa = PBXFileReference; lastKnownFileType = sourcecode.swift; path = AuthorizationStore.swift; sourceTree = "<group>"; };
		7E4BCFF829AF9BED001E5068 /* AuthorizationScreen.swift */ = {isa = PBXFileReference; lastKnownFileType = sourcecode.swift; path = AuthorizationScreen.swift; sourceTree = "<group>"; };
		7E4BD00029AFBB68001E5068 /* CustomTextField.swift */ = {isa = PBXFileReference; lastKnownFileType = sourcecode.swift; path = CustomTextField.swift; sourceTree = "<group>"; };
		7E4BD00329AFBF1E001E5068 /* ViewModifier+DefaultPadding.swift */ = {isa = PBXFileReference; lastKnownFileType = sourcecode.swift; path = "ViewModifier+DefaultPadding.swift"; sourceTree = "<group>"; };
		7E4BD00929AFC39C001E5068 /* MainTabScreen.swift */ = {isa = PBXFileReference; lastKnownFileType = sourcecode.swift; path = MainTabScreen.swift; sourceTree = "<group>"; };
		7E4BD00B29AFC3A7001E5068 /* MainTabStore.swift */ = {isa = PBXFileReference; lastKnownFileType = sourcecode.swift; path = MainTabStore.swift; sourceTree = "<group>"; };
		7E4BD00F29AFC487001E5068 /* ProfileScreen.swift */ = {isa = PBXFileReference; lastKnownFileType = sourcecode.swift; path = ProfileScreen.swift; sourceTree = "<group>"; };
		7E4BD01129AFC48D001E5068 /* ProfileStore.swift */ = {isa = PBXFileReference; lastKnownFileType = sourcecode.swift; path = ProfileStore.swift; sourceTree = "<group>"; };
		7E4BD01329AFC538001E5068 /* TodoListScreen.swift */ = {isa = PBXFileReference; lastKnownFileType = sourcecode.swift; path = TodoListScreen.swift; sourceTree = "<group>"; };
		7E4BD01529AFC540001E5068 /* TodoListStore.swift */ = {isa = PBXFileReference; lastKnownFileType = sourcecode.swift; path = TodoListStore.swift; sourceTree = "<group>"; };
		7E4BD01929AFE7FA001E5068 /* AppStore.swift */ = {isa = PBXFileReference; lastKnownFileType = sourcecode.swift; path = AppStore.swift; sourceTree = "<group>"; };
		7E4BD01B29AFE802001E5068 /* AppScreen.swift */ = {isa = PBXFileReference; lastKnownFileType = sourcecode.swift; path = AppScreen.swift; sourceTree = "<group>"; };
		7E4BD01D29AFE9D0001E5068 /* MainTabCoordinator.swift */ = {isa = PBXFileReference; lastKnownFileType = sourcecode.swift; path = MainTabCoordinator.swift; sourceTree = "<group>"; };
		7E4BD02129AFF4D3001E5068 /* AppCoordinator.swift */ = {isa = PBXFileReference; lastKnownFileType = sourcecode.swift; path = AppCoordinator.swift; sourceTree = "<group>"; };
		7E4BD02529AFFC33001E5068 /* TodoSharedCoordinator.swift */ = {isa = PBXFileReference; lastKnownFileType = sourcecode.swift; path = TodoSharedCoordinator.swift; sourceTree = "<group>"; };
		7E4BD02729AFFCDF001E5068 /* TodoSharedStore.swift */ = {isa = PBXFileReference; lastKnownFileType = sourcecode.swift; path = TodoSharedStore.swift; sourceTree = "<group>"; };
		7E4BD02929AFFD05001E5068 /* TodoDetailScreen.swift */ = {isa = PBXFileReference; lastKnownFileType = sourcecode.swift; path = TodoDetailScreen.swift; sourceTree = "<group>"; };
		7E4BD02B29AFFD10001E5068 /* TodoDetailStore.swift */ = {isa = PBXFileReference; lastKnownFileType = sourcecode.swift; path = TodoDetailStore.swift; sourceTree = "<group>"; };
		7E4BD02D29AFFE47001E5068 /* TodoSharedScreen.swift */ = {isa = PBXFileReference; lastKnownFileType = sourcecode.swift; path = TodoSharedScreen.swift; sourceTree = "<group>"; };
/* End PBXFileReference section */

/* Begin PBXFrameworksBuildPhase section */
		7E4BCFDA29AF9B0E001E5068 /* Frameworks */ = {
			isa = PBXFrameworksBuildPhase;
			buildActionMask = 2147483647;
			files = (
				7E4BCFF329AF9B9B001E5068 /* TCACoordinators in Frameworks */,
				7E4BCFF029AF9B6D001E5068 /* ComposableArchitecture in Frameworks */,
			);
			runOnlyForDeploymentPostprocessing = 0;
		};
/* End PBXFrameworksBuildPhase section */

/* Begin PBXGroup section */
		7E4BCFD429AF9B0E001E5068 = {
			isa = PBXGroup;
			children = (
				7E4BCFDF29AF9B0E001E5068 /* sui */,
				7E4BCFDE29AF9B0E001E5068 /* Products */,
			);
			sourceTree = "<group>";
		};
		7E4BCFDE29AF9B0E001E5068 /* Products */ = {
			isa = PBXGroup;
			children = (
				7E4BCFDD29AF9B0E001E5068 /* sui.app */,
			);
			name = Products;
			sourceTree = "<group>";
		};
		7E4BCFDF29AF9B0E001E5068 /* sui */ = {
			isa = PBXGroup;
			children = (
				7E4BCFFF29AFBB52001E5068 /* UI */,
				7E4BD00229AFBEEF001E5068 /* Extensions */,
				7E4BCFE029AF9B0E001E5068 /* SuiApp.swift */,
				7E4BD00529AFC307001E5068 /* Main */,
				7E4BCFF429AF9BB6001E5068 /* Modules */,
				7E4BCFE429AF9B11001E5068 /* Assets.xcassets */,
				7E4BCFE629AF9B11001E5068 /* Preview Content */,
			);
			path = sui;
			sourceTree = "<group>";
		};
		7E4BCFE629AF9B11001E5068 /* Preview Content */ = {
			isa = PBXGroup;
			children = (
				7E4BCFE729AF9B11001E5068 /* Preview Assets.xcassets */,
			);
			path = "Preview Content";
			sourceTree = "<group>";
		};
		7E4BCFF429AF9BB6001E5068 /* Modules */ = {
			isa = PBXGroup;
			children = (
				7E4BCFF529AF9BC1001E5068 /* Auth */,
				7E4BD00829AFC36A001E5068 /* Main */,
				7E4BD00E29AFC46B001E5068 /* Todo */,
				7E4BD00D29AFC44F001E5068 /* Profile */,
			);
			path = Modules;
			sourceTree = "<group>";
		};
		7E4BCFF529AF9BC1001E5068 /* Auth */ = {
			isa = PBXGroup;
			children = (
				7E4BCFF829AF9BED001E5068 /* AuthorizationScreen.swift */,
				7E4BCFF629AF9BD5001E5068 /* AuthorizationStore.swift */,
			);
			path = Auth;
			sourceTree = "<group>";
		};
		7E4BCFFF29AFBB52001E5068 /* UI */ = {
			isa = PBXGroup;
			children = (
				7E4BD00029AFBB68001E5068 /* CustomTextField.swift */,
			);
			path = UI;
			sourceTree = "<group>";
		};
		7E4BD00229AFBEEF001E5068 /* Extensions */ = {
			isa = PBXGroup;
			children = (
				7E4BD00329AFBF1E001E5068 /* ViewModifier+DefaultPadding.swift */,
			);
			path = Extensions;
			sourceTree = "<group>";
		};
		7E4BD00529AFC307001E5068 /* Main */ = {
			isa = PBXGroup;
			children = (
				7E4BD02129AFF4D3001E5068 /* AppCoordinator.swift */,
				7E4BD01929AFE7FA001E5068 /* AppStore.swift */,
				7E4BD01B29AFE802001E5068 /* AppScreen.swift */,
			);
			path = Main;
			sourceTree = "<group>";
		};
		7E4BD00829AFC36A001E5068 /* Main */ = {
			isa = PBXGroup;
			children = (
				7E4BD01D29AFE9D0001E5068 /* MainTabCoordinator.swift */,
				7E4BD00B29AFC3A7001E5068 /* MainTabStore.swift */,
				7E4BD00929AFC39C001E5068 /* MainTabScreen.swift */,
			);
			path = Main;
			sourceTree = "<group>";
		};
		7E4BD00D29AFC44F001E5068 /* Profile */ = {
			isa = PBXGroup;
			children = (
				7E4BD00F29AFC487001E5068 /* ProfileScreen.swift */,
				7E4BD01129AFC48D001E5068 /* ProfileStore.swift */,
			);
			path = Profile;
			sourceTree = "<group>";
		};
		7E4BD00E29AFC46B001E5068 /* Todo */ = {
			isa = PBXGroup;
			children = (
				7E4BD02529AFFC33001E5068 /* TodoSharedCoordinator.swift */,
				7E4BD02729AFFCDF001E5068 /* TodoSharedStore.swift */,
				7E4BD02D29AFFE47001E5068 /* TodoSharedScreen.swift */,
				7E4BD02329AFFC16001E5068 /* List */,
				7E4BD02429AFFC1D001E5068 /* Detail */,
			);
			path = Todo;
			sourceTree = "<group>";
		};
		7E4BD02329AFFC16001E5068 /* List */ = {
			isa = PBXGroup;
			children = (
				7E4BD01329AFC538001E5068 /* TodoListScreen.swift */,
				7E4BD01529AFC540001E5068 /* TodoListStore.swift */,
			);
			path = List;
			sourceTree = "<group>";
		};
		7E4BD02429AFFC1D001E5068 /* Detail */ = {
			isa = PBXGroup;
			children = (
				7E4BD02929AFFD05001E5068 /* TodoDetailScreen.swift */,
				7E4BD02B29AFFD10001E5068 /* TodoDetailStore.swift */,
			);
			path = Detail;
			sourceTree = "<group>";
		};
/* End PBXGroup section */

/* Begin PBXNativeTarget section */
		7E4BCFDC29AF9B0E001E5068 /* sui */ = {
			isa = PBXNativeTarget;
			buildConfigurationList = 7E4BCFEB29AF9B11001E5068 /* Build configuration list for PBXNativeTarget "sui" */;
			buildPhases = (
				7E4BCFD929AF9B0E001E5068 /* Sources */,
				7E4BCFDA29AF9B0E001E5068 /* Frameworks */,
				7E4BCFDB29AF9B0E001E5068 /* Resources */,
			);
			buildRules = (
			);
			dependencies = (
			);
			name = sui;
			packageProductDependencies = (
				7E4BCFEF29AF9B6D001E5068 /* ComposableArchitecture */,
				7E4BCFF229AF9B9B001E5068 /* TCACoordinators */,
			);
			productName = sui;
			productReference = 7E4BCFDD29AF9B0E001E5068 /* sui.app */;
			productType = "com.apple.product-type.application";
		};
/* End PBXNativeTarget section */

/* Begin PBXProject section */
		7E4BCFD529AF9B0E001E5068 /* Project object */ = {
			isa = PBXProject;
			attributes = {
				BuildIndependentTargetsInParallel = 1;
				LastSwiftUpdateCheck = 1400;
				LastUpgradeCheck = 1400;
				TargetAttributes = {
					7E4BCFDC29AF9B0E001E5068 = {
						CreatedOnToolsVersion = 14.0.1;
					};
				};
			};
			buildConfigurationList = 7E4BCFD829AF9B0E001E5068 /* Build configuration list for PBXProject "sui" */;
			compatibilityVersion = "Xcode 14.0";
			developmentRegion = en;
			hasScannedForEncodings = 0;
			knownRegions = (
				en,
				Base,
			);
			mainGroup = 7E4BCFD429AF9B0E001E5068;
			packageReferences = (
				7E4BCFEE29AF9B6D001E5068 /* XCRemoteSwiftPackageReference "swift-composable-architecture" */,
				7E4BCFF129AF9B9B001E5068 /* XCRemoteSwiftPackageReference "TCACoordinators" */,
			);
			productRefGroup = 7E4BCFDE29AF9B0E001E5068 /* Products */;
			projectDirPath = "";
			projectRoot = "";
			targets = (
				7E4BCFDC29AF9B0E001E5068 /* sui */,
			);
		};
/* End PBXProject section */

/* Begin PBXResourcesBuildPhase section */
		7E4BCFDB29AF9B0E001E5068 /* Resources */ = {
			isa = PBXResourcesBuildPhase;
			buildActionMask = 2147483647;
			files = (
				7E4BCFE829AF9B11001E5068 /* Preview Assets.xcassets in Resources */,
				7E4BCFE529AF9B11001E5068 /* Assets.xcassets in Resources */,
			);
			runOnlyForDeploymentPostprocessing = 0;
		};
/* End PBXResourcesBuildPhase section */

/* Begin PBXSourcesBuildPhase section */
		7E4BCFD929AF9B0E001E5068 /* Sources */ = {
			isa = PBXSourcesBuildPhase;
			buildActionMask = 2147483647;
			files = (
				7E4BD00129AFBB68001E5068 /* CustomTextField.swift in Sources */,
				7E4BCFF729AF9BD5001E5068 /* AuthorizationStore.swift in Sources */,
				7E4BD01629AFC540001E5068 /* TodoListStore.swift in Sources */,
				7E4BD01429AFC538001E5068 /* TodoListScreen.swift in Sources */,
				7E4BD00C29AFC3A7001E5068 /* MainTabStore.swift in Sources */,
				7E4BD01A29AFE7FA001E5068 /* AppStore.swift in Sources */,
				7E4BD01029AFC487001E5068 /* ProfileScreen.swift in Sources */,
				7E4BD02C29AFFD10001E5068 /* TodoDetailStore.swift in Sources */,
				7E4BD00A29AFC39C001E5068 /* MainTabScreen.swift in Sources */,
				7E4BCFF929AF9BED001E5068 /* AuthorizationScreen.swift in Sources */,
				7E4BCFE129AF9B0E001E5068 /* SuiApp.swift in Sources */,
				7E4BD02629AFFC33001E5068 /* TodoSharedCoordinator.swift in Sources */,
				7E4BD00429AFBF1E001E5068 /* ViewModifier+DefaultPadding.swift in Sources */,
				7E4BD02A29AFFD05001E5068 /* TodoDetailScreen.swift in Sources */,
				7E4BD02E29AFFE47001E5068 /* TodoSharedScreen.swift in Sources */,
				7E4BD01229AFC48D001E5068 /* ProfileStore.swift in Sources */,
				7E4BD02229AFF4D3001E5068 /* AppCoordinator.swift in Sources */,
				7E4BD02829AFFCDF001E5068 /* TodoSharedStore.swift in Sources */,
				7E4BD01E29AFE9D0001E5068 /* MainTabCoordinator.swift in Sources */,
				7E4BD01C29AFE802001E5068 /* AppScreen.swift in Sources */,
			);
			runOnlyForDeploymentPostprocessing = 0;
		};
/* End PBXSourcesBuildPhase section */

/* Begin XCBuildConfiguration section */
		7E4BCFE929AF9B11001E5068 /* Debug */ = {
			isa = XCBuildConfiguration;
			buildSettings = {
				ALWAYS_SEARCH_USER_PATHS = NO;
				CLANG_ANALYZER_NONNULL = YES;
				CLANG_ANALYZER_NUMBER_OBJECT_CONVERSION = YES_AGGRESSIVE;
				CLANG_CXX_LANGUAGE_STANDARD = "gnu++20";
				CLANG_ENABLE_MODULES = YES;
				CLANG_ENABLE_OBJC_ARC = YES;
				CLANG_ENABLE_OBJC_WEAK = YES;
				CLANG_WARN_BLOCK_CAPTURE_AUTORELEASING = YES;
				CLANG_WARN_BOOL_CONVERSION = YES;
				CLANG_WARN_COMMA = YES;
				CLANG_WARN_CONSTANT_CONVERSION = YES;
				CLANG_WARN_DEPRECATED_OBJC_IMPLEMENTATIONS = YES;
				CLANG_WARN_DIRECT_OBJC_ISA_USAGE = YES_ERROR;
				CLANG_WARN_DOCUMENTATION_COMMENTS = YES;
				CLANG_WARN_EMPTY_BODY = YES;
				CLANG_WARN_ENUM_CONVERSION = YES;
				CLANG_WARN_INFINITE_RECURSION = YES;
				CLANG_WARN_INT_CONVERSION = YES;
				CLANG_WARN_NON_LITERAL_NULL_CONVERSION = YES;
				CLANG_WARN_OBJC_IMPLICIT_RETAIN_SELF = YES;
				CLANG_WARN_OBJC_LITERAL_CONVERSION = YES;
				CLANG_WARN_OBJC_ROOT_CLASS = YES_ERROR;
				CLANG_WARN_QUOTED_INCLUDE_IN_FRAMEWORK_HEADER = YES;
				CLANG_WARN_RANGE_LOOP_ANALYSIS = YES;
				CLANG_WARN_STRICT_PROTOTYPES = YES;
				CLANG_WARN_SUSPICIOUS_MOVE = YES;
				CLANG_WARN_UNGUARDED_AVAILABILITY = YES_AGGRESSIVE;
				CLANG_WARN_UNREACHABLE_CODE = YES;
				CLANG_WARN__DUPLICATE_METHOD_MATCH = YES;
				COPY_PHASE_STRIP = NO;
				DEBUG_INFORMATION_FORMAT = dwarf;
				ENABLE_STRICT_OBJC_MSGSEND = YES;
				ENABLE_TESTABILITY = YES;
				GCC_C_LANGUAGE_STANDARD = gnu11;
				GCC_DYNAMIC_NO_PIC = NO;
				GCC_NO_COMMON_BLOCKS = YES;
				GCC_OPTIMIZATION_LEVEL = 0;
				GCC_PREPROCESSOR_DEFINITIONS = (
					"DEBUG=1",
					"$(inherited)",
				);
				GCC_WARN_64_TO_32_BIT_CONVERSION = YES;
				GCC_WARN_ABOUT_RETURN_TYPE = YES_ERROR;
				GCC_WARN_UNDECLARED_SELECTOR = YES;
				GCC_WARN_UNINITIALIZED_AUTOS = YES_AGGRESSIVE;
				GCC_WARN_UNUSED_FUNCTION = YES;
				GCC_WARN_UNUSED_VARIABLE = YES;
				IPHONEOS_DEPLOYMENT_TARGET = 16.0;
				MTL_ENABLE_DEBUG_INFO = INCLUDE_SOURCE;
				MTL_FAST_MATH = YES;
				ONLY_ACTIVE_ARCH = YES;
				SDKROOT = iphoneos;
				SWIFT_ACTIVE_COMPILATION_CONDITIONS = DEBUG;
				SWIFT_OPTIMIZATION_LEVEL = "-Onone";
			};
			name = Debug;
		};
		7E4BCFEA29AF9B11001E5068 /* Release */ = {
			isa = XCBuildConfiguration;
			buildSettings = {
				ALWAYS_SEARCH_USER_PATHS = NO;
				CLANG_ANALYZER_NONNULL = YES;
				CLANG_ANALYZER_NUMBER_OBJECT_CONVERSION = YES_AGGRESSIVE;
				CLANG_CXX_LANGUAGE_STANDARD = "gnu++20";
				CLANG_ENABLE_MODULES = YES;
				CLANG_ENABLE_OBJC_ARC = YES;
				CLANG_ENABLE_OBJC_WEAK = YES;
				CLANG_WARN_BLOCK_CAPTURE_AUTORELEASING = YES;
				CLANG_WARN_BOOL_CONVERSION = YES;
				CLANG_WARN_COMMA = YES;
				CLANG_WARN_CONSTANT_CONVERSION = YES;
				CLANG_WARN_DEPRECATED_OBJC_IMPLEMENTATIONS = YES;
				CLANG_WARN_DIRECT_OBJC_ISA_USAGE = YES_ERROR;
				CLANG_WARN_DOCUMENTATION_COMMENTS = YES;
				CLANG_WARN_EMPTY_BODY = YES;
				CLANG_WARN_ENUM_CONVERSION = YES;
				CLANG_WARN_INFINITE_RECURSION = YES;
				CLANG_WARN_INT_CONVERSION = YES;
				CLANG_WARN_NON_LITERAL_NULL_CONVERSION = YES;
				CLANG_WARN_OBJC_IMPLICIT_RETAIN_SELF = YES;
				CLANG_WARN_OBJC_LITERAL_CONVERSION = YES;
				CLANG_WARN_OBJC_ROOT_CLASS = YES_ERROR;
				CLANG_WARN_QUOTED_INCLUDE_IN_FRAMEWORK_HEADER = YES;
				CLANG_WARN_RANGE_LOOP_ANALYSIS = YES;
				CLANG_WARN_STRICT_PROTOTYPES = YES;
				CLANG_WARN_SUSPICIOUS_MOVE = YES;
				CLANG_WARN_UNGUARDED_AVAILABILITY = YES_AGGRESSIVE;
				CLANG_WARN_UNREACHABLE_CODE = YES;
				CLANG_WARN__DUPLICATE_METHOD_MATCH = YES;
				COPY_PHASE_STRIP = NO;
				DEBUG_INFORMATION_FORMAT = "dwarf-with-dsym";
				ENABLE_NS_ASSERTIONS = NO;
				ENABLE_STRICT_OBJC_MSGSEND = YES;
				GCC_C_LANGUAGE_STANDARD = gnu11;
				GCC_NO_COMMON_BLOCKS = YES;
				GCC_WARN_64_TO_32_BIT_CONVERSION = YES;
				GCC_WARN_ABOUT_RETURN_TYPE = YES_ERROR;
				GCC_WARN_UNDECLARED_SELECTOR = YES;
				GCC_WARN_UNINITIALIZED_AUTOS = YES_AGGRESSIVE;
				GCC_WARN_UNUSED_FUNCTION = YES;
				GCC_WARN_UNUSED_VARIABLE = YES;
				IPHONEOS_DEPLOYMENT_TARGET = 16.0;
				MTL_ENABLE_DEBUG_INFO = NO;
				MTL_FAST_MATH = YES;
				SDKROOT = iphoneos;
				SWIFT_COMPILATION_MODE = wholemodule;
				SWIFT_OPTIMIZATION_LEVEL = "-O";
				VALIDATE_PRODUCT = YES;
			};
			name = Release;
		};
		7E4BCFEC29AF9B11001E5068 /* Debug */ = {
			isa = XCBuildConfiguration;
			buildSettings = {
				ASSETCATALOG_COMPILER_APPICON_NAME = AppIcon;
				ASSETCATALOG_COMPILER_GLOBAL_ACCENT_COLOR_NAME = AccentColor;
				CODE_SIGN_STYLE = Manual;
				CURRENT_PROJECT_VERSION = 1;
				DEVELOPMENT_ASSET_PATHS = "\"sui/Preview Content\"";
				DEVELOPMENT_TEAM = "";
				ENABLE_PREVIEWS = YES;
				GENERATE_INFOPLIST_FILE = YES;
				INFOPLIST_KEY_UIApplicationSceneManifest_Generation = YES;
				INFOPLIST_KEY_UIApplicationSupportsIndirectInputEvents = YES;
				INFOPLIST_KEY_UILaunchScreen_Generation = YES;
				INFOPLIST_KEY_UISupportedInterfaceOrientations = UIInterfaceOrientationPortrait;
				INFOPLIST_KEY_UISupportedInterfaceOrientations_iPad = "UIInterfaceOrientationLandscapeLeft UIInterfaceOrientationLandscapeRight UIInterfaceOrientationPortrait UIInterfaceOrientationPortraitUpsideDown";
				LD_RUNPATH_SEARCH_PATHS = (
					"$(inherited)",
					"@executable_path/Frameworks",
				);
				MARKETING_VERSION = 1.0;
				PRODUCT_BUNDLE_IDENTIFIER = "-------------.sui";
				PRODUCT_NAME = "$(TARGET_NAME)";
				PROVISIONING_PROFILE_SPECIFIER = "";
				SUPPORTED_PLATFORMS = "iphoneos iphonesimulator";
				SUPPORTS_MACCATALYST = NO;
				SUPPORTS_MAC_DESIGNED_FOR_IPHONE_IPAD = NO;
				SWIFT_EMIT_LOC_STRINGS = YES;
				SWIFT_VERSION = 5.0;
				TARGETED_DEVICE_FAMILY = 1;
			};
			name = Debug;
		};
		7E4BCFED29AF9B11001E5068 /* Release */ = {
			isa = XCBuildConfiguration;
			buildSettings = {
				ASSETCATALOG_COMPILER_APPICON_NAME = AppIcon;
				ASSETCATALOG_COMPILER_GLOBAL_ACCENT_COLOR_NAME = AccentColor;
				CODE_SIGN_STYLE = Manual;
				CURRENT_PROJECT_VERSION = 1;
				DEVELOPMENT_ASSET_PATHS = "\"sui/Preview Content\"";
				DEVELOPMENT_TEAM = "";
				ENABLE_PREVIEWS = YES;
				GENERATE_INFOPLIST_FILE = YES;
				INFOPLIST_KEY_UIApplicationSceneManifest_Generation = YES;
				INFOPLIST_KEY_UIApplicationSupportsIndirectInputEvents = YES;
				INFOPLIST_KEY_UILaunchScreen_Generation = YES;
				INFOPLIST_KEY_UISupportedInterfaceOrientations = UIInterfaceOrientationPortrait;
				INFOPLIST_KEY_UISupportedInterfaceOrientations_iPad = "UIInterfaceOrientationLandscapeLeft UIInterfaceOrientationLandscapeRight UIInterfaceOrientationPortrait UIInterfaceOrientationPortraitUpsideDown";
				LD_RUNPATH_SEARCH_PATHS = (
					"$(inherited)",
					"@executable_path/Frameworks",
				);
				MARKETING_VERSION = 1.0;
				PRODUCT_BUNDLE_IDENTIFIER = "-------------.sui";
				PRODUCT_NAME = "$(TARGET_NAME)";
				PROVISIONING_PROFILE_SPECIFIER = "";
				SUPPORTED_PLATFORMS = "iphoneos iphonesimulator";
				SUPPORTS_MACCATALYST = NO;
				SUPPORTS_MAC_DESIGNED_FOR_IPHONE_IPAD = NO;
				SWIFT_EMIT_LOC_STRINGS = YES;
				SWIFT_VERSION = 5.0;
				TARGETED_DEVICE_FAMILY = 1;
			};
			name = Release;
		};
/* End XCBuildConfiguration section */

/* Begin XCConfigurationList section */
		7E4BCFD829AF9B0E001E5068 /* Build configuration list for PBXProject "sui" */ = {
			isa = XCConfigurationList;
			buildConfigurations = (
				7E4BCFE929AF9B11001E5068 /* Debug */,
				7E4BCFEA29AF9B11001E5068 /* Release */,
			);
			defaultConfigurationIsVisible = 0;
			defaultConfigurationName = Release;
		};
		7E4BCFEB29AF9B11001E5068 /* Build configuration list for PBXNativeTarget "sui" */ = {
			isa = XCConfigurationList;
			buildConfigurations = (
				7E4BCFEC29AF9B11001E5068 /* Debug */,
				7E4BCFED29AF9B11001E5068 /* Release */,
			);
			defaultConfigurationIsVisible = 0;
			defaultConfigurationName = Release;
		};
/* End XCConfigurationList section */

/* Begin XCRemoteSwiftPackageReference section */
		7E4BCFEE29AF9B6D001E5068 /* XCRemoteSwiftPackageReference "swift-composable-architecture" */ = {
			isa = XCRemoteSwiftPackageReference;
			repositoryURL = "https://github.com/pointfreeco/swift-composable-architecture";
			requirement = {
				branch = main;
				kind = branch;
			};
		};
		7E4BCFF129AF9B9B001E5068 /* XCRemoteSwiftPackageReference "TCACoordinators" */ = {
			isa = XCRemoteSwiftPackageReference;
			repositoryURL = "https://github.com/johnpatrickmorgan/TCACoordinators";
			requirement = {
				branch = main;
				kind = branch;
			};
		};
/* End XCRemoteSwiftPackageReference section */

/* Begin XCSwiftPackageProductDependency section */
		7E4BCFEF29AF9B6D001E5068 /* ComposableArchitecture */ = {
			isa = XCSwiftPackageProductDependency;
			package = 7E4BCFEE29AF9B6D001E5068 /* XCRemoteSwiftPackageReference "swift-composable-architecture" */;
			productName = ComposableArchitecture;
		};
		7E4BCFF229AF9B9B001E5068 /* TCACoordinators */ = {
			isa = XCSwiftPackageProductDependency;
			package = 7E4BCFF129AF9B9B001E5068 /* XCRemoteSwiftPackageReference "TCACoordinators" */;
			productName = TCACoordinators;
		};
/* End XCSwiftPackageProductDependency section */
	};
	rootObject = 7E4BCFD529AF9B0E001E5068 /* Project object */;
}
