// !$*UTF8*$!
{
	archiveVersion = 1;
	classes = {
	};
	objectVersion = 56;
	objects = {

/* Begin PBXBuildFile section */
		7E17C76C29B3A10100F58E18 /* String+Trimming.swift in Sources */ = {isa = PBXBuildFile; fileRef = 7E17C76B29B3A10100F58E18 /* String+Trimming.swift */; };
		7E17C76E29B3AB4300F58E18 /* RatingView.swift in Sources */ = {isa = PBXBuildFile; fileRef = 7E17C76D29B3AB4300F58E18 /* RatingView.swift */; };
		7E17C77029B3BBD500F58E18 /* Loader.swift in Sources */ = {isa = PBXBuildFile; fileRef = 7E17C76F29B3BBD500F58E18 /* Loader.swift */; };
		7E17C77229B3BC9900F58E18 /* LoginState.swift in Sources */ = {isa = PBXBuildFile; fileRef = 7E17C77129B3BC9900F58E18 /* LoginState.swift */; };
		7E17C77429B3BC9E00F58E18 /* LoginAction.swift in Sources */ = {isa = PBXBuildFile; fileRef = 7E17C77329B3BC9E00F58E18 /* LoginAction.swift */; };
		7E17C77629B3CB9000F58E18 /* View+TabView.swift in Sources */ = {isa = PBXBuildFile; fileRef = 7E17C77529B3CB9000F58E18 /* View+TabView.swift */; };
		7E17C77829B3CC2200F58E18 /* UIApplication+Key.swift in Sources */ = {isa = PBXBuildFile; fileRef = 7E17C77729B3CC2200F58E18 /* UIApplication+Key.swift */; };
		7E17C77A29B3CC3C00F58E18 /* UIView+AllSubviews.swift in Sources */ = {isa = PBXBuildFile; fileRef = 7E17C77929B3CC3C00F58E18 /* UIView+AllSubviews.swift */; };
		7E17C77C29B3DE8000F58E18 /* README.md in Resources */ = {isa = PBXBuildFile; fileRef = 7E17C77B29B3DE8000F58E18 /* README.md */; };
		7E17C77E29B3E0BB00F58E18 /* screenshot.png in Resources */ = {isa = PBXBuildFile; fileRef = 7E17C77D29B3E0BB00F58E18 /* screenshot.png */; };
		7E1D996E29B1291100776738 /* SignInCoordinator.swift in Sources */ = {isa = PBXBuildFile; fileRef = 7E1D996D29B1291100776738 /* SignInCoordinator.swift */; };
		7E1D997229B12DE600776738 /* SignInSharedStore.swift in Sources */ = {isa = PBXBuildFile; fileRef = 7E1D997129B12DE600776738 /* SignInSharedStore.swift */; };
		7E1D997529B12F0100776738 /* WelcomeScreen.swift in Sources */ = {isa = PBXBuildFile; fileRef = 7E1D997429B12F0100776738 /* WelcomeScreen.swift */; };
		7E1D997729B12F0900776738 /* WelcomeStore.swift in Sources */ = {isa = PBXBuildFile; fileRef = 7E1D997629B12F0900776738 /* WelcomeStore.swift */; };
		7E1D997A29B1328500776738 /* TabCoordinator.swift in Sources */ = {isa = PBXBuildFile; fileRef = 7E1D997929B1328500776738 /* TabCoordinator.swift */; };
		7E1D997D29B13B7200776738 /* RootCoordinator.swift in Sources */ = {isa = PBXBuildFile; fileRef = 7E1D997C29B13B7200776738 /* RootCoordinator.swift */; };
		7E4BCFE129AF9B0E001E5068 /* SuiApp.swift in Sources */ = {isa = PBXBuildFile; fileRef = 7E4BCFE029AF9B0E001E5068 /* SuiApp.swift */; };
		7E4BCFE529AF9B11001E5068 /* Assets.xcassets in Resources */ = {isa = PBXBuildFile; fileRef = 7E4BCFE429AF9B11001E5068 /* Assets.xcassets */; };
		7E4BCFE829AF9B11001E5068 /* Preview Assets.xcassets in Resources */ = {isa = PBXBuildFile; fileRef = 7E4BCFE729AF9B11001E5068 /* Preview Assets.xcassets */; };
		7E4BCFF029AF9B6D001E5068 /* ComposableArchitecture in Frameworks */ = {isa = PBXBuildFile; productRef = 7E4BCFEF29AF9B6D001E5068 /* ComposableArchitecture */; };
		7E4BCFF329AF9B9B001E5068 /* TCACoordinators in Frameworks */ = {isa = PBXBuildFile; productRef = 7E4BCFF229AF9B9B001E5068 /* TCACoordinators */; };
		7E4BCFF729AF9BD5001E5068 /* LoginStore.swift in Sources */ = {isa = PBXBuildFile; fileRef = 7E4BCFF629AF9BD5001E5068 /* LoginStore.swift */; };
		7E4BCFF929AF9BED001E5068 /* LoginScreen.swift in Sources */ = {isa = PBXBuildFile; fileRef = 7E4BCFF829AF9BED001E5068 /* LoginScreen.swift */; };
		7E4BD00129AFBB68001E5068 /* StandardTextField.swift in Sources */ = {isa = PBXBuildFile; fileRef = 7E4BD00029AFBB68001E5068 /* StandardTextField.swift */; };
		7E4BD00429AFBF1E001E5068 /* ViewModifier+DefaultPadding.swift in Sources */ = {isa = PBXBuildFile; fileRef = 7E4BD00329AFBF1E001E5068 /* ViewModifier+DefaultPadding.swift */; };
		7E4BD01029AFC487001E5068 /* ProfileScreen.swift in Sources */ = {isa = PBXBuildFile; fileRef = 7E4BD00F29AFC487001E5068 /* ProfileScreen.swift */; };
		7E4BD01229AFC48D001E5068 /* ProfileStore.swift in Sources */ = {isa = PBXBuildFile; fileRef = 7E4BD01129AFC48D001E5068 /* ProfileStore.swift */; };
		7E4BD01429AFC538001E5068 /* MovieListScreen.swift in Sources */ = {isa = PBXBuildFile; fileRef = 7E4BD01329AFC538001E5068 /* MovieListScreen.swift */; };
		7E4BD01629AFC540001E5068 /* MovieListStore.swift in Sources */ = {isa = PBXBuildFile; fileRef = 7E4BD01529AFC540001E5068 /* MovieListStore.swift */; };
		7E4BD02A29AFFD05001E5068 /* MovieDetailScreen.swift in Sources */ = {isa = PBXBuildFile; fileRef = 7E4BD02929AFFD05001E5068 /* MovieDetailScreen.swift */; };
		7E4BD02C29AFFD10001E5068 /* MovieDetailStore.swift in Sources */ = {isa = PBXBuildFile; fileRef = 7E4BD02B29AFFD10001E5068 /* MovieDetailStore.swift */; };
		7E797F2E29B2996D00727DB2 /* ProfileSharedStore.swift in Sources */ = {isa = PBXBuildFile; fileRef = 7E797F2D29B2996D00727DB2 /* ProfileSharedStore.swift */; };
		7EC0D1AC29B23D2100386D72 /* ProfileState.swift in Sources */ = {isa = PBXBuildFile; fileRef = 7EC0D1AB29B23D2100386D72 /* ProfileState.swift */; };
		7EC0D1AE29B23D5700386D72 /* ProfileAction.swift in Sources */ = {isa = PBXBuildFile; fileRef = 7EC0D1AD29B23D5700386D72 /* ProfileAction.swift */; };
		7EC0D1B029B23F3600386D72 /* String+PhoneFormatter.swift in Sources */ = {isa = PBXBuildFile; fileRef = 7EC0D1AF29B23F3600386D72 /* String+PhoneFormatter.swift */; };
		7EC0D1B329B23F6D00386D72 /* ProfileService.swift in Sources */ = {isa = PBXBuildFile; fileRef = 7EC0D1B229B23F6D00386D72 /* ProfileService.swift */; };
		7EC0D1B629B2405F00386D72 /* ProfileResponseModel.swift in Sources */ = {isa = PBXBuildFile; fileRef = 7EC0D1B529B2405F00386D72 /* ProfileResponseModel.swift */; };
		7EC0D1B829B2459000386D72 /* StandardButton.swift in Sources */ = {isa = PBXBuildFile; fileRef = 7EC0D1B729B2459000386D72 /* StandardButton.swift */; };
		7EC0D1BF29B2560C00386D72 /* ProfileCoordinator.swift in Sources */ = {isa = PBXBuildFile; fileRef = 7EC0D1BE29B2560C00386D72 /* ProfileCoordinator.swift */; };
		7EC0D1C229B26CEF00386D72 /* MovieCoordinator.swift in Sources */ = {isa = PBXBuildFile; fileRef = 7EC0D1C129B26CEF00386D72 /* MovieCoordinator.swift */; };
		7EC0D1C429B26D5400386D72 /* MovieSharedStore.swift in Sources */ = {isa = PBXBuildFile; fileRef = 7EC0D1C329B26D5400386D72 /* MovieSharedStore.swift */; };
		7EC0D1C729B290BF00386D72 /* MovieService.swift in Sources */ = {isa = PBXBuildFile; fileRef = 7EC0D1C629B290BF00386D72 /* MovieService.swift */; };
		7EC0D1C929B290CC00386D72 /* MovieResponseModel.swift in Sources */ = {isa = PBXBuildFile; fileRef = 7EC0D1C829B290CC00386D72 /* MovieResponseModel.swift */; };
		7EC0D1CB29B295EF00386D72 /* RootSharedStore.swift in Sources */ = {isa = PBXBuildFile; fileRef = 7EC0D1CA29B295EF00386D72 /* RootSharedStore.swift */; };
/* End PBXBuildFile section */

/* Begin PBXFileReference section */
		7E17C76B29B3A10100F58E18 /* String+Trimming.swift */ = {isa = PBXFileReference; lastKnownFileType = sourcecode.swift; path = "String+Trimming.swift"; sourceTree = "<group>"; };
		7E17C76D29B3AB4300F58E18 /* RatingView.swift */ = {isa = PBXFileReference; lastKnownFileType = sourcecode.swift; path = RatingView.swift; sourceTree = "<group>"; };
		7E17C76F29B3BBD500F58E18 /* Loader.swift */ = {isa = PBXFileReference; lastKnownFileType = sourcecode.swift; path = Loader.swift; sourceTree = "<group>"; };
		7E17C77129B3BC9900F58E18 /* LoginState.swift */ = {isa = PBXFileReference; lastKnownFileType = sourcecode.swift; path = LoginState.swift; sourceTree = "<group>"; };
		7E17C77329B3BC9E00F58E18 /* LoginAction.swift */ = {isa = PBXFileReference; lastKnownFileType = sourcecode.swift; path = LoginAction.swift; sourceTree = "<group>"; };
		7E17C77529B3CB9000F58E18 /* View+TabView.swift */ = {isa = PBXFileReference; lastKnownFileType = sourcecode.swift; path = "View+TabView.swift"; sourceTree = "<group>"; };
		7E17C77729B3CC2200F58E18 /* UIApplication+Key.swift */ = {isa = PBXFileReference; lastKnownFileType = sourcecode.swift; path = "UIApplication+Key.swift"; sourceTree = "<group>"; };
		7E17C77929B3CC3C00F58E18 /* UIView+AllSubviews.swift */ = {isa = PBXFileReference; lastKnownFileType = sourcecode.swift; path = "UIView+AllSubviews.swift"; sourceTree = "<group>"; };
		7E17C77B29B3DE8000F58E18 /* README.md */ = {isa = PBXFileReference; fileEncoding = 4; lastKnownFileType = net.daringfireball.markdown; path = README.md; sourceTree = "<group>"; };
		7E17C77D29B3E0BB00F58E18 /* screenshot.png */ = {isa = PBXFileReference; lastKnownFileType = image.png; path = screenshot.png; sourceTree = "<group>"; };
		7E1D996D29B1291100776738 /* SignInCoordinator.swift */ = {isa = PBXFileReference; lastKnownFileType = sourcecode.swift; path = SignInCoordinator.swift; sourceTree = "<group>"; };
		7E1D997129B12DE600776738 /* SignInSharedStore.swift */ = {isa = PBXFileReference; lastKnownFileType = sourcecode.swift; path = SignInSharedStore.swift; sourceTree = "<group>"; };
		7E1D997429B12F0100776738 /* WelcomeScreen.swift */ = {isa = PBXFileReference; lastKnownFileType = sourcecode.swift; path = WelcomeScreen.swift; sourceTree = "<group>"; };
		7E1D997629B12F0900776738 /* WelcomeStore.swift */ = {isa = PBXFileReference; lastKnownFileType = sourcecode.swift; path = WelcomeStore.swift; sourceTree = "<group>"; };
		7E1D997929B1328500776738 /* TabCoordinator.swift */ = {isa = PBXFileReference; lastKnownFileType = sourcecode.swift; path = TabCoordinator.swift; sourceTree = "<group>"; };
		7E1D997C29B13B7200776738 /* RootCoordinator.swift */ = {isa = PBXFileReference; lastKnownFileType = sourcecode.swift; path = RootCoordinator.swift; sourceTree = "<group>"; };
		7E4BCFDD29AF9B0E001E5068 /* Sui.app */ = {isa = PBXFileReference; explicitFileType = wrapper.application; includeInIndex = 0; path = Sui.app; sourceTree = BUILT_PRODUCTS_DIR; };
		7E4BCFE029AF9B0E001E5068 /* SuiApp.swift */ = {isa = PBXFileReference; lastKnownFileType = sourcecode.swift; path = SuiApp.swift; sourceTree = "<group>"; };
		7E4BCFE429AF9B11001E5068 /* Assets.xcassets */ = {isa = PBXFileReference; lastKnownFileType = folder.assetcatalog; path = Assets.xcassets; sourceTree = "<group>"; };
		7E4BCFE729AF9B11001E5068 /* Preview Assets.xcassets */ = {isa = PBXFileReference; lastKnownFileType = folder.assetcatalog; path = "Preview Assets.xcassets"; sourceTree = "<group>"; };
		7E4BCFF629AF9BD5001E5068 /* LoginStore.swift */ = {isa = PBXFileReference; lastKnownFileType = sourcecode.swift; path = LoginStore.swift; sourceTree = "<group>"; };
		7E4BCFF829AF9BED001E5068 /* LoginScreen.swift */ = {isa = PBXFileReference; lastKnownFileType = sourcecode.swift; path = LoginScreen.swift; sourceTree = "<group>"; };
		7E4BD00029AFBB68001E5068 /* StandardTextField.swift */ = {isa = PBXFileReference; lastKnownFileType = sourcecode.swift; path = StandardTextField.swift; sourceTree = "<group>"; };
		7E4BD00329AFBF1E001E5068 /* ViewModifier+DefaultPadding.swift */ = {isa = PBXFileReference; lastKnownFileType = sourcecode.swift; path = "ViewModifier+DefaultPadding.swift"; sourceTree = "<group>"; };
		7E4BD00F29AFC487001E5068 /* ProfileScreen.swift */ = {isa = PBXFileReference; lastKnownFileType = sourcecode.swift; path = ProfileScreen.swift; sourceTree = "<group>"; };
		7E4BD01129AFC48D001E5068 /* ProfileStore.swift */ = {isa = PBXFileReference; lastKnownFileType = sourcecode.swift; path = ProfileStore.swift; sourceTree = "<group>"; };
		7E4BD01329AFC538001E5068 /* MovieListScreen.swift */ = {isa = PBXFileReference; lastKnownFileType = sourcecode.swift; path = MovieListScreen.swift; sourceTree = "<group>"; };
		7E4BD01529AFC540001E5068 /* MovieListStore.swift */ = {isa = PBXFileReference; lastKnownFileType = sourcecode.swift; path = MovieListStore.swift; sourceTree = "<group>"; };
		7E4BD02929AFFD05001E5068 /* MovieDetailScreen.swift */ = {isa = PBXFileReference; lastKnownFileType = sourcecode.swift; path = MovieDetailScreen.swift; sourceTree = "<group>"; };
		7E4BD02B29AFFD10001E5068 /* MovieDetailStore.swift */ = {isa = PBXFileReference; lastKnownFileType = sourcecode.swift; path = MovieDetailStore.swift; sourceTree = "<group>"; };
		7E797F2D29B2996D00727DB2 /* ProfileSharedStore.swift */ = {isa = PBXFileReference; lastKnownFileType = sourcecode.swift; path = ProfileSharedStore.swift; sourceTree = "<group>"; };
		7EC0D1AB29B23D2100386D72 /* ProfileState.swift */ = {isa = PBXFileReference; lastKnownFileType = sourcecode.swift; path = ProfileState.swift; sourceTree = "<group>"; };
		7EC0D1AD29B23D5700386D72 /* ProfileAction.swift */ = {isa = PBXFileReference; lastKnownFileType = sourcecode.swift; path = ProfileAction.swift; sourceTree = "<group>"; };
		7EC0D1AF29B23F3600386D72 /* String+PhoneFormatter.swift */ = {isa = PBXFileReference; lastKnownFileType = sourcecode.swift; path = "String+PhoneFormatter.swift"; sourceTree = "<group>"; };
		7EC0D1B229B23F6D00386D72 /* ProfileService.swift */ = {isa = PBXFileReference; lastKnownFileType = sourcecode.swift; path = ProfileService.swift; sourceTree = "<group>"; };
		7EC0D1B529B2405F00386D72 /* ProfileResponseModel.swift */ = {isa = PBXFileReference; lastKnownFileType = sourcecode.swift; path = ProfileResponseModel.swift; sourceTree = "<group>"; };
		7EC0D1B729B2459000386D72 /* StandardButton.swift */ = {isa = PBXFileReference; lastKnownFileType = sourcecode.swift; path = StandardButton.swift; sourceTree = "<group>"; };
		7EC0D1BE29B2560C00386D72 /* ProfileCoordinator.swift */ = {isa = PBXFileReference; lastKnownFileType = sourcecode.swift; path = ProfileCoordinator.swift; sourceTree = "<group>"; };
		7EC0D1C129B26CEF00386D72 /* MovieCoordinator.swift */ = {isa = PBXFileReference; lastKnownFileType = sourcecode.swift; path = MovieCoordinator.swift; sourceTree = "<group>"; };
		7EC0D1C329B26D5400386D72 /* MovieSharedStore.swift */ = {isa = PBXFileReference; lastKnownFileType = sourcecode.swift; path = MovieSharedStore.swift; sourceTree = "<group>"; };
		7EC0D1C629B290BF00386D72 /* MovieService.swift */ = {isa = PBXFileReference; lastKnownFileType = sourcecode.swift; path = MovieService.swift; sourceTree = "<group>"; };
		7EC0D1C829B290CC00386D72 /* MovieResponseModel.swift */ = {isa = PBXFileReference; lastKnownFileType = sourcecode.swift; path = MovieResponseModel.swift; sourceTree = "<group>"; };
		7EC0D1CA29B295EF00386D72 /* RootSharedStore.swift */ = {isa = PBXFileReference; lastKnownFileType = sourcecode.swift; path = RootSharedStore.swift; sourceTree = "<group>"; };
/* End PBXFileReference section */

/* Begin PBXFrameworksBuildPhase section */
		7E4BCFDA29AF9B0E001E5068 /* Frameworks */ = {
			isa = PBXFrameworksBuildPhase;
			buildActionMask = 2147483647;
			files = (
				7E4BCFF329AF9B9B001E5068 /* TCACoordinators in Frameworks */,
				7E4BCFF029AF9B6D001E5068 /* ComposableArchitecture in Frameworks */,
			);
			runOnlyForDeploymentPostprocessing = 0;
		};
/* End PBXFrameworksBuildPhase section */

/* Begin PBXGroup section */
		7E1D996F29B1291B00776738 /* Coordinator */ = {
			isa = PBXGroup;
			children = (
				7E1D996D29B1291100776738 /* SignInCoordinator.swift */,
				7E1D997129B12DE600776738 /* SignInSharedStore.swift */,
			);
			path = Coordinator;
			sourceTree = "<group>";
		};
		7E1D997029B12D3400776738 /* Login */ = {
			isa = PBXGroup;
			children = (
				7E4BCFF829AF9BED001E5068 /* LoginScreen.swift */,
				7E4BCFF629AF9BD5001E5068 /* LoginStore.swift */,
				7E17C77129B3BC9900F58E18 /* LoginState.swift */,
				7E17C77329B3BC9E00F58E18 /* LoginAction.swift */,
			);
			path = Login;
			sourceTree = "<group>";
		};
		7E1D997329B12EE300776738 /* Welcome */ = {
			isa = PBXGroup;
			children = (
				7E1D997429B12F0100776738 /* WelcomeScreen.swift */,
				7E1D997629B12F0900776738 /* WelcomeStore.swift */,
			);
			path = Welcome;
			sourceTree = "<group>";
		};
		7E1D997829B1318100776738 /* Coordinator */ = {
			isa = PBXGroup;
			children = (
				7E1D997929B1328500776738 /* TabCoordinator.swift */,
			);
			path = Coordinator;
			sourceTree = "<group>";
		};
		7E1D997B29B13B5A00776738 /* Root */ = {
			isa = PBXGroup;
			children = (
				7E1D997C29B13B7200776738 /* RootCoordinator.swift */,
				7EC0D1CA29B295EF00386D72 /* RootSharedStore.swift */,
			);
			path = Root;
			sourceTree = "<group>";
		};
		7E4BCFD429AF9B0E001E5068 = {
			isa = PBXGroup;
			children = (
				7E4BCFDF29AF9B0E001E5068 /* Sui */,
				7E4BCFDE29AF9B0E001E5068 /* Products */,
			);
			sourceTree = "<group>";
		};
		7E4BCFDE29AF9B0E001E5068 /* Products */ = {
			isa = PBXGroup;
			children = (
				7E4BCFDD29AF9B0E001E5068 /* Sui.app */,
			);
			name = Products;
			sourceTree = "<group>";
		};
		7E4BCFDF29AF9B0E001E5068 /* Sui */ = {
			isa = PBXGroup;
			children = (
				7E17C77D29B3E0BB00F58E18 /* screenshot.png */,
				7E17C77B29B3DE8000F58E18 /* README.md */,
				7E4BCFFF29AFBB52001E5068 /* UIKit */,
				7E4BD00229AFBEEF001E5068 /* Extensions */,
				7EC0D1B129B23F5F00386D72 /* Services */,
				7E4BCFE029AF9B0E001E5068 /* SuiApp.swift */,
				7E4BCFF429AF9BB6001E5068 /* Modules */,
				7E4BCFE429AF9B11001E5068 /* Assets.xcassets */,
				7E4BCFE629AF9B11001E5068 /* Preview Content */,
			);
			path = Sui;
			sourceTree = "<group>";
		};
		7E4BCFE629AF9B11001E5068 /* Preview Content */ = {
			isa = PBXGroup;
			children = (
				7E4BCFE729AF9B11001E5068 /* Preview Assets.xcassets */,
			);
			path = "Preview Content";
			sourceTree = "<group>";
		};
		7E4BCFF429AF9BB6001E5068 /* Modules */ = {
			isa = PBXGroup;
			children = (
				7E1D997B29B13B5A00776738 /* Root */,
				7E4BCFF529AF9BC1001E5068 /* SignIn */,
				7E4BD00829AFC36A001E5068 /* Tab */,
				7E4BD00E29AFC46B001E5068 /* Movie */,
				7E4BD00D29AFC44F001E5068 /* Profile */,
			);
			path = Modules;
			sourceTree = "<group>";
		};
		7E4BCFF529AF9BC1001E5068 /* SignIn */ = {
			isa = PBXGroup;
			children = (
				7E1D996F29B1291B00776738 /* Coordinator */,
				7E1D997029B12D3400776738 /* Login */,
				7E1D997329B12EE300776738 /* Welcome */,
			);
			path = SignIn;
			sourceTree = "<group>";
		};
		7E4BCFFF29AFBB52001E5068 /* UIKit */ = {
			isa = PBXGroup;
			children = (
				7E4BD00029AFBB68001E5068 /* StandardTextField.swift */,
				7EC0D1B729B2459000386D72 /* StandardButton.swift */,
				7E17C76D29B3AB4300F58E18 /* RatingView.swift */,
				7E17C76F29B3BBD500F58E18 /* Loader.swift */,
			);
			path = UIKit;
			sourceTree = "<group>";
		};
		7E4BD00229AFBEEF001E5068 /* Extensions */ = {
			isa = PBXGroup;
			children = (
				7E4BD00329AFBF1E001E5068 /* ViewModifier+DefaultPadding.swift */,
				7EC0D1AF29B23F3600386D72 /* String+PhoneFormatter.swift */,
				7E17C76B29B3A10100F58E18 /* String+Trimming.swift */,
				7E17C77529B3CB9000F58E18 /* View+TabView.swift */,
				7E17C77729B3CC2200F58E18 /* UIApplication+Key.swift */,
				7E17C77929B3CC3C00F58E18 /* UIView+AllSubviews.swift */,
			);
			path = Extensions;
			sourceTree = "<group>";
		};
		7E4BD00829AFC36A001E5068 /* Tab */ = {
			isa = PBXGroup;
			children = (
				7E1D997829B1318100776738 /* Coordinator */,
			);
			path = Tab;
			sourceTree = "<group>";
		};
		7E4BD00D29AFC44F001E5068 /* Profile */ = {
			isa = PBXGroup;
			children = (
				7EC0D1BD29B255F800386D72 /* Coordinator */,
				7E4BD00F29AFC487001E5068 /* ProfileScreen.swift */,
				7E4BD01129AFC48D001E5068 /* ProfileStore.swift */,
				7EC0D1AD29B23D5700386D72 /* ProfileAction.swift */,
				7EC0D1AB29B23D2100386D72 /* ProfileState.swift */,
			);
			path = Profile;
			sourceTree = "<group>";
		};
		7E4BD00E29AFC46B001E5068 /* Movie */ = {
			isa = PBXGroup;
			children = (
				7EC0D1C029B26CDE00386D72 /* Coordinator */,
				7E4BD02329AFFC16001E5068 /* List */,
				7E4BD02429AFFC1D001E5068 /* Detail */,
			);
			path = Movie;
			sourceTree = "<group>";
		};
		7E4BD02329AFFC16001E5068 /* List */ = {
			isa = PBXGroup;
			children = (
				7E4BD01329AFC538001E5068 /* MovieListScreen.swift */,
				7E4BD01529AFC540001E5068 /* MovieListStore.swift */,
			);
			path = List;
			sourceTree = "<group>";
		};
		7E4BD02429AFFC1D001E5068 /* Detail */ = {
			isa = PBXGroup;
			children = (
				7E4BD02929AFFD05001E5068 /* MovieDetailScreen.swift */,
				7E4BD02B29AFFD10001E5068 /* MovieDetailStore.swift */,
			);
			path = Detail;
			sourceTree = "<group>";
		};
		7EC0D1B129B23F5F00386D72 /* Services */ = {
			isa = PBXGroup;
			children = (
				7EC0D1C529B290AB00386D72 /* Movie */,
				7EC0D1B429B2405200386D72 /* Profile */,
			);
			path = Services;
			sourceTree = "<group>";
		};
		7EC0D1B429B2405200386D72 /* Profile */ = {
			isa = PBXGroup;
			children = (
				7EC0D1B229B23F6D00386D72 /* ProfileService.swift */,
				7EC0D1B529B2405F00386D72 /* ProfileResponseModel.swift */,
			);
			path = Profile;
			sourceTree = "<group>";
		};
		7EC0D1BD29B255F800386D72 /* Coordinator */ = {
			isa = PBXGroup;
			children = (
				7EC0D1BE29B2560C00386D72 /* ProfileCoordinator.swift */,
				7E797F2D29B2996D00727DB2 /* ProfileSharedStore.swift */,
			);
			path = Coordinator;
			sourceTree = "<group>";
		};
		7EC0D1C029B26CDE00386D72 /* Coordinator */ = {
			isa = PBXGroup;
			children = (
				7EC0D1C129B26CEF00386D72 /* MovieCoordinator.swift */,
				7EC0D1C329B26D5400386D72 /* MovieSharedStore.swift */,
			);
			path = Coordinator;
			sourceTree = "<group>";
		};
		7EC0D1C529B290AB00386D72 /* Movie */ = {
			isa = PBXGroup;
			children = (
				7EC0D1C629B290BF00386D72 /* MovieService.swift */,
				7EC0D1C829B290CC00386D72 /* MovieResponseModel.swift */,
			);
			path = Movie;
			sourceTree = "<group>";
		};
/* End PBXGroup section */

/* Begin PBXNativeTarget section */
		7E4BCFDC29AF9B0E001E5068 /* Sui */ = {
			isa = PBXNativeTarget;
			buildConfigurationList = 7E4BCFEB29AF9B11001E5068 /* Build configuration list for PBXNativeTarget "Sui" */;
			buildPhases = (
				7E4BCFD929AF9B0E001E5068 /* Sources */,
				7E4BCFDA29AF9B0E001E5068 /* Frameworks */,
				7E4BCFDB29AF9B0E001E5068 /* Resources */,
			);
			buildRules = (
			);
			dependencies = (
			);
			name = Sui;
			packageProductDependencies = (
				7E4BCFEF29AF9B6D001E5068 /* ComposableArchitecture */,
				7E4BCFF229AF9B9B001E5068 /* TCACoordinators */,
			);
			productName = sui;
			productReference = 7E4BCFDD29AF9B0E001E5068 /* Sui.app */;
			productType = "com.apple.product-type.application";
		};
/* End PBXNativeTarget section */

/* Begin PBXProject section */
		7E4BCFD529AF9B0E001E5068 /* Project object */ = {
			isa = PBXProject;
			attributes = {
				BuildIndependentTargetsInParallel = 1;
				LastSwiftUpdateCheck = 1400;
				LastUpgradeCheck = 1400;
				TargetAttributes = {
					7E4BCFDC29AF9B0E001E5068 = {
						CreatedOnToolsVersion = 14.0.1;
					};
				};
			};
			buildConfigurationList = 7E4BCFD829AF9B0E001E5068 /* Build configuration list for PBXProject "Sui" */;
			compatibilityVersion = "Xcode 14.0";
			developmentRegion = en;
			hasScannedForEncodings = 0;
			knownRegions = (
				en,
				Base,
			);
			mainGroup = 7E4BCFD429AF9B0E001E5068;
			packageReferences = (
				7E4BCFEE29AF9B6D001E5068 /* XCRemoteSwiftPackageReference "swift-composable-architecture" */,
				7E4BCFF129AF9B9B001E5068 /* XCRemoteSwiftPackageReference "TCACoordinators" */,
			);
			productRefGroup = 7E4BCFDE29AF9B0E001E5068 /* Products */;
			projectDirPath = "";
			projectRoot = "";
			targets = (
				7E4BCFDC29AF9B0E001E5068 /* Sui */,
			);
		};
/* End PBXProject section */

/* Begin PBXResourcesBuildPhase section */
		7E4BCFDB29AF9B0E001E5068 /* Resources */ = {
			isa = PBXResourcesBuildPhase;
			buildActionMask = 2147483647;
			files = (
				7E17C77C29B3DE8000F58E18 /* README.md in Resources */,
				7E4BCFE829AF9B11001E5068 /* Preview Assets.xcassets in Resources */,
				7E4BCFE529AF9B11001E5068 /* Assets.xcassets in Resources */,
				7E17C77E29B3E0BB00F58E18 /* screenshot.png in Resources */,
			);
			runOnlyForDeploymentPostprocessing = 0;
		};
/* End PBXResourcesBuildPhase section */

/* Begin PBXSourcesBuildPhase section */
		7E4BCFD929AF9B0E001E5068 /* Sources */ = {
			isa = PBXSourcesBuildPhase;
			buildActionMask = 2147483647;
			files = (
				7E797F2E29B2996D00727DB2 /* ProfileSharedStore.swift in Sources */,
				7E4BD00129AFBB68001E5068 /* StandardTextField.swift in Sources */,
				7EC0D1AE29B23D5700386D72 /* ProfileAction.swift in Sources */,
				7E1D997229B12DE600776738 /* SignInSharedStore.swift in Sources */,
				7E4BCFF729AF9BD5001E5068 /* LoginStore.swift in Sources */,
				7EC0D1CB29B295EF00386D72 /* RootSharedStore.swift in Sources */,
				7E17C77429B3BC9E00F58E18 /* LoginAction.swift in Sources */,
				7EC0D1AC29B23D2100386D72 /* ProfileState.swift in Sources */,
				7E17C77829B3CC2200F58E18 /* UIApplication+Key.swift in Sources */,
				7E4BD01629AFC540001E5068 /* MovieListStore.swift in Sources */,
				7E17C77629B3CB9000F58E18 /* View+TabView.swift in Sources */,
				7E17C77029B3BBD500F58E18 /* Loader.swift in Sources */,
				7EC0D1C729B290BF00386D72 /* MovieService.swift in Sources */,
				7E1D997529B12F0100776738 /* WelcomeScreen.swift in Sources */,
				7E1D997729B12F0900776738 /* WelcomeStore.swift in Sources */,
				7EC0D1BF29B2560C00386D72 /* ProfileCoordinator.swift in Sources */,
				7E4BD01429AFC538001E5068 /* MovieListScreen.swift in Sources */,
				7E4BD01029AFC487001E5068 /* ProfileScreen.swift in Sources */,
				7EC0D1B829B2459000386D72 /* StandardButton.swift in Sources */,
				7E4BD02C29AFFD10001E5068 /* MovieDetailStore.swift in Sources */,
				7E1D997A29B1328500776738 /* TabCoordinator.swift in Sources */,
				7EC0D1C929B290CC00386D72 /* MovieResponseModel.swift in Sources */,
				7E1D997D29B13B7200776738 /* RootCoordinator.swift in Sources */,
				7E4BCFF929AF9BED001E5068 /* LoginScreen.swift in Sources */,
				7E17C77A29B3CC3C00F58E18 /* UIView+AllSubviews.swift in Sources */,
				7EC0D1B629B2405F00386D72 /* ProfileResponseModel.swift in Sources */,
				7E17C76E29B3AB4300F58E18 /* RatingView.swift in Sources */,
				7E17C76C29B3A10100F58E18 /* String+Trimming.swift in Sources */,
				7EC0D1B029B23F3600386D72 /* String+PhoneFormatter.swift in Sources */,
				7E17C77229B3BC9900F58E18 /* LoginState.swift in Sources */,
				7E1D996E29B1291100776738 /* SignInCoordinator.swift in Sources */,
				7E4BCFE129AF9B0E001E5068 /* SuiApp.swift in Sources */,
				7EC0D1C429B26D5400386D72 /* MovieSharedStore.swift in Sources */,
				7E4BD00429AFBF1E001E5068 /* ViewModifier+DefaultPadding.swift in Sources */,
				7E4BD02A29AFFD05001E5068 /* MovieDetailScreen.swift in Sources */,
				7EC0D1C229B26CEF00386D72 /* MovieCoordinator.swift in Sources */,
				7E4BD01229AFC48D001E5068 /* ProfileStore.swift in Sources */,
				7EC0D1B329B23F6D00386D72 /* ProfileService.swift in Sources */,
			);
			runOnlyForDeploymentPostprocessing = 0;
		};
/* End PBXSourcesBuildPhase section */

/* Begin XCBuildConfiguration section */
		7E4BCFE929AF9B11001E5068 /* Debug */ = {
			isa = XCBuildConfiguration;
			buildSettings = {
				ALWAYS_SEARCH_USER_PATHS = NO;
				CLANG_ANALYZER_NONNULL = YES;
				CLANG_ANALYZER_NUMBER_OBJECT_CONVERSION = YES_AGGRESSIVE;
				CLANG_CXX_LANGUAGE_STANDARD = "gnu++20";
				CLANG_ENABLE_MODULES = YES;
				CLANG_ENABLE_OBJC_ARC = YES;
				CLANG_ENABLE_OBJC_WEAK = YES;
				CLANG_WARN_BLOCK_CAPTURE_AUTORELEASING = YES;
				CLANG_WARN_BOOL_CONVERSION = YES;
				CLANG_WARN_COMMA = YES;
				CLANG_WARN_CONSTANT_CONVERSION = YES;
				CLANG_WARN_DEPRECATED_OBJC_IMPLEMENTATIONS = YES;
				CLANG_WARN_DIRECT_OBJC_ISA_USAGE = YES_ERROR;
				CLANG_WARN_DOCUMENTATION_COMMENTS = YES;
				CLANG_WARN_EMPTY_BODY = YES;
				CLANG_WARN_ENUM_CONVERSION = YES;
				CLANG_WARN_INFINITE_RECURSION = YES;
				CLANG_WARN_INT_CONVERSION = YES;
				CLANG_WARN_NON_LITERAL_NULL_CONVERSION = YES;
				CLANG_WARN_OBJC_IMPLICIT_RETAIN_SELF = YES;
				CLANG_WARN_OBJC_LITERAL_CONVERSION = YES;
				CLANG_WARN_OBJC_ROOT_CLASS = YES_ERROR;
				CLANG_WARN_QUOTED_INCLUDE_IN_FRAMEWORK_HEADER = YES;
				CLANG_WARN_RANGE_LOOP_ANALYSIS = YES;
				CLANG_WARN_STRICT_PROTOTYPES = YES;
				CLANG_WARN_SUSPICIOUS_MOVE = YES;
				CLANG_WARN_UNGUARDED_AVAILABILITY = YES_AGGRESSIVE;
				CLANG_WARN_UNREACHABLE_CODE = YES;
				CLANG_WARN__DUPLICATE_METHOD_MATCH = YES;
				COPY_PHASE_STRIP = NO;
				DEBUG_INFORMATION_FORMAT = dwarf;
				ENABLE_STRICT_OBJC_MSGSEND = YES;
				ENABLE_TESTABILITY = YES;
				GCC_C_LANGUAGE_STANDARD = gnu11;
				GCC_DYNAMIC_NO_PIC = NO;
				GCC_NO_COMMON_BLOCKS = YES;
				GCC_OPTIMIZATION_LEVEL = 0;
				GCC_PREPROCESSOR_DEFINITIONS = (
					"DEBUG=1",
					"$(inherited)",
				);
				GCC_WARN_64_TO_32_BIT_CONVERSION = YES;
				GCC_WARN_ABOUT_RETURN_TYPE = YES_ERROR;
				GCC_WARN_UNDECLARED_SELECTOR = YES;
				GCC_WARN_UNINITIALIZED_AUTOS = YES_AGGRESSIVE;
				GCC_WARN_UNUSED_FUNCTION = YES;
				GCC_WARN_UNUSED_VARIABLE = YES;
				IPHONEOS_DEPLOYMENT_TARGET = 15.0;
				MTL_ENABLE_DEBUG_INFO = INCLUDE_SOURCE;
				MTL_FAST_MATH = YES;
				ONLY_ACTIVE_ARCH = YES;
				SDKROOT = iphoneos;
				SWIFT_ACTIVE_COMPILATION_CONDITIONS = DEBUG;
				SWIFT_OPTIMIZATION_LEVEL = "-Onone";
			};
			name = Debug;
		};
		7E4BCFEA29AF9B11001E5068 /* Release */ = {
			isa = XCBuildConfiguration;
			buildSettings = {
				ALWAYS_SEARCH_USER_PATHS = NO;
				CLANG_ANALYZER_NONNULL = YES;
				CLANG_ANALYZER_NUMBER_OBJECT_CONVERSION = YES_AGGRESSIVE;
				CLANG_CXX_LANGUAGE_STANDARD = "gnu++20";
				CLANG_ENABLE_MODULES = YES;
				CLANG_ENABLE_OBJC_ARC = YES;
				CLANG_ENABLE_OBJC_WEAK = YES;
				CLANG_WARN_BLOCK_CAPTURE_AUTORELEASING = YES;
				CLANG_WARN_BOOL_CONVERSION = YES;
				CLANG_WARN_COMMA = YES;
				CLANG_WARN_CONSTANT_CONVERSION = YES;
				CLANG_WARN_DEPRECATED_OBJC_IMPLEMENTATIONS = YES;
				CLANG_WARN_DIRECT_OBJC_ISA_USAGE = YES_ERROR;
				CLANG_WARN_DOCUMENTATION_COMMENTS = YES;
				CLANG_WARN_EMPTY_BODY = YES;
				CLANG_WARN_ENUM_CONVERSION = YES;
				CLANG_WARN_INFINITE_RECURSION = YES;
				CLANG_WARN_INT_CONVERSION = YES;
				CLANG_WARN_NON_LITERAL_NULL_CONVERSION = YES;
				CLANG_WARN_OBJC_IMPLICIT_RETAIN_SELF = YES;
				CLANG_WARN_OBJC_LITERAL_CONVERSION = YES;
				CLANG_WARN_OBJC_ROOT_CLASS = YES_ERROR;
				CLANG_WARN_QUOTED_INCLUDE_IN_FRAMEWORK_HEADER = YES;
				CLANG_WARN_RANGE_LOOP_ANALYSIS = YES;
				CLANG_WARN_STRICT_PROTOTYPES = YES;
				CLANG_WARN_SUSPICIOUS_MOVE = YES;
				CLANG_WARN_UNGUARDED_AVAILABILITY = YES_AGGRESSIVE;
				CLANG_WARN_UNREACHABLE_CODE = YES;
				CLANG_WARN__DUPLICATE_METHOD_MATCH = YES;
				COPY_PHASE_STRIP = NO;
				DEBUG_INFORMATION_FORMAT = "dwarf-with-dsym";
				ENABLE_NS_ASSERTIONS = NO;
				ENABLE_STRICT_OBJC_MSGSEND = YES;
				GCC_C_LANGUAGE_STANDARD = gnu11;
				GCC_NO_COMMON_BLOCKS = YES;
				GCC_WARN_64_TO_32_BIT_CONVERSION = YES;
				GCC_WARN_ABOUT_RETURN_TYPE = YES_ERROR;
				GCC_WARN_UNDECLARED_SELECTOR = YES;
				GCC_WARN_UNINITIALIZED_AUTOS = YES_AGGRESSIVE;
				GCC_WARN_UNUSED_FUNCTION = YES;
				GCC_WARN_UNUSED_VARIABLE = YES;
				IPHONEOS_DEPLOYMENT_TARGET = 15.0;
				MTL_ENABLE_DEBUG_INFO = NO;
				MTL_FAST_MATH = YES;
				SDKROOT = iphoneos;
				SWIFT_COMPILATION_MODE = wholemodule;
				SWIFT_OPTIMIZATION_LEVEL = "-O";
				VALIDATE_PRODUCT = YES;
			};
			name = Release;
		};
		7E4BCFEC29AF9B11001E5068 /* Debug */ = {
			isa = XCBuildConfiguration;
			buildSettings = {
				ASSETCATALOG_COMPILER_APPICON_NAME = AppIcon;
				ASSETCATALOG_COMPILER_GLOBAL_ACCENT_COLOR_NAME = AccentColor;
				CODE_SIGN_STYLE = Manual;
				CURRENT_PROJECT_VERSION = 1;
				DEVELOPMENT_ASSET_PATHS = "\"sui/Preview Content\"";
				DEVELOPMENT_TEAM = "";
				ENABLE_PREVIEWS = YES;
				GENERATE_INFOPLIST_FILE = YES;
				INFOPLIST_KEY_UIApplicationSceneManifest_Generation = YES;
				INFOPLIST_KEY_UIApplicationSupportsIndirectInputEvents = YES;
				INFOPLIST_KEY_UILaunchScreen_Generation = YES;
				INFOPLIST_KEY_UISupportedInterfaceOrientations = UIInterfaceOrientationPortrait;
				INFOPLIST_KEY_UISupportedInterfaceOrientations_iPad = "UIInterfaceOrientationLandscapeLeft UIInterfaceOrientationLandscapeRight UIInterfaceOrientationPortrait UIInterfaceOrientationPortraitUpsideDown";
				IPHONEOS_DEPLOYMENT_TARGET = 15.0;
				LD_RUNPATH_SEARCH_PATHS = (
					"$(inherited)",
					"@executable_path/Frameworks",
				);
				MARKETING_VERSION = 1.0;
				PRODUCT_BUNDLE_IDENTIFIER = "-------------.sui";
				PRODUCT_NAME = "$(TARGET_NAME)";
				PROVISIONING_PROFILE_SPECIFIER = "";
				SUPPORTED_PLATFORMS = "iphoneos iphonesimulator";
				SUPPORTS_MACCATALYST = NO;
				SUPPORTS_MAC_DESIGNED_FOR_IPHONE_IPAD = NO;
				SWIFT_EMIT_LOC_STRINGS = YES;
				SWIFT_VERSION = 5.0;
				TARGETED_DEVICE_FAMILY = 1;
			};
			name = Debug;
		};
		7E4BCFED29AF9B11001E5068 /* Release */ = {
			isa = XCBuildConfiguration;
			buildSettings = {
				ASSETCATALOG_COMPILER_APPICON_NAME = AppIcon;
				ASSETCATALOG_COMPILER_GLOBAL_ACCENT_COLOR_NAME = AccentColor;
				CODE_SIGN_STYLE = Manual;
				CURRENT_PROJECT_VERSION = 1;
				DEVELOPMENT_ASSET_PATHS = "\"sui/Preview Content\"";
				DEVELOPMENT_TEAM = "";
				ENABLE_PREVIEWS = YES;
				GENERATE_INFOPLIST_FILE = YES;
				INFOPLIST_KEY_UIApplicationSceneManifest_Generation = YES;
				INFOPLIST_KEY_UIApplicationSupportsIndirectInputEvents = YES;
				INFOPLIST_KEY_UILaunchScreen_Generation = YES;
				INFOPLIST_KEY_UISupportedInterfaceOrientations = UIInterfaceOrientationPortrait;
				INFOPLIST_KEY_UISupportedInterfaceOrientations_iPad = "UIInterfaceOrientationLandscapeLeft UIInterfaceOrientationLandscapeRight UIInterfaceOrientationPortrait UIInterfaceOrientationPortraitUpsideDown";
				IPHONEOS_DEPLOYMENT_TARGET = 15.0;
				LD_RUNPATH_SEARCH_PATHS = (
					"$(inherited)",
					"@executable_path/Frameworks",
				);
				MARKETING_VERSION = 1.0;
				PRODUCT_BUNDLE_IDENTIFIER = "-------------.sui";
				PRODUCT_NAME = "$(TARGET_NAME)";
				PROVISIONING_PROFILE_SPECIFIER = "";
				SUPPORTED_PLATFORMS = "iphoneos iphonesimulator";
				SUPPORTS_MACCATALYST = NO;
				SUPPORTS_MAC_DESIGNED_FOR_IPHONE_IPAD = NO;
				SWIFT_EMIT_LOC_STRINGS = YES;
				SWIFT_VERSION = 5.0;
				TARGETED_DEVICE_FAMILY = 1;
			};
			name = Release;
		};
/* End XCBuildConfiguration section */

/* Begin XCConfigurationList section */
		7E4BCFD829AF9B0E001E5068 /* Build configuration list for PBXProject "Sui" */ = {
			isa = XCConfigurationList;
			buildConfigurations = (
				7E4BCFE929AF9B11001E5068 /* Debug */,
				7E4BCFEA29AF9B11001E5068 /* Release */,
			);
			defaultConfigurationIsVisible = 0;
			defaultConfigurationName = Release;
		};
		7E4BCFEB29AF9B11001E5068 /* Build configuration list for PBXNativeTarget "Sui" */ = {
			isa = XCConfigurationList;
			buildConfigurations = (
				7E4BCFEC29AF9B11001E5068 /* Debug */,
				7E4BCFED29AF9B11001E5068 /* Release */,
			);
			defaultConfigurationIsVisible = 0;
			defaultConfigurationName = Release;
		};
/* End XCConfigurationList section */

/* Begin XCRemoteSwiftPackageReference section */
		7E4BCFEE29AF9B6D001E5068 /* XCRemoteSwiftPackageReference "swift-composable-architecture" */ = {
			isa = XCRemoteSwiftPackageReference;
			repositoryURL = "https://github.com/pointfreeco/swift-composable-architecture";
			requirement = {
				branch = main;
				kind = branch;
			};
		};
		7E4BCFF129AF9B9B001E5068 /* XCRemoteSwiftPackageReference "TCACoordinators" */ = {
			isa = XCRemoteSwiftPackageReference;
			repositoryURL = "https://github.com/johnpatrickmorgan/TCACoordinators";
			requirement = {
				branch = main;
				kind = branch;
			};
		};
/* End XCRemoteSwiftPackageReference section */

/* Begin XCSwiftPackageProductDependency section */
		7E4BCFEF29AF9B6D001E5068 /* ComposableArchitecture */ = {
			isa = XCSwiftPackageProductDependency;
			package = 7E4BCFEE29AF9B6D001E5068 /* XCRemoteSwiftPackageReference "swift-composable-architecture" */;
			productName = ComposableArchitecture;
		};
		7E4BCFF229AF9B9B001E5068 /* TCACoordinators */ = {
			isa = XCSwiftPackageProductDependency;
			package = 7E4BCFF129AF9B9B001E5068 /* XCRemoteSwiftPackageReference "TCACoordinators" */;
			productName = TCACoordinators;
		};
/* End XCSwiftPackageProductDependency section */
	};
	rootObject = 7E4BCFD529AF9B0E001E5068 /* Project object */;
}
